
Microsoft Visual Studio Solution File, Format Version 12.00
# Visual Studio 14
VisualStudioVersion = 14.0.25123.0
MinimumVisualStudioVersion = 10.0.40219.1
Project("{2150E333-8FDC-42A3-9474-1A3956D46DE8}") = "src", "src", "{E9081611-260E-43E9-8475-75695EF27067}"
EndProject
Project("{8BB2217D-0F2D-49D1-97BC-3654ED321F3B}") = "Breeze", "src\Breeze\Breeze.xproj", "{0F2E4A87-B21D-4E44-8701-99F23AE4944D}"
EndProject
Global
	GlobalSection(SolutionConfigurationPlatforms) = preSolution
		Debug|Any CPU = Debug|Any CPU
		Release|Any CPU = Release|Any CPU
	EndGlobalSection
	GlobalSection(ProjectConfigurationPlatforms) = postSolution
		{0F2E4A87-B21D-4E44-8701-99F23AE4944D}.Debug|Any CPU.ActiveCfg = Debug|Any CPU
		{0F2E4A87-B21D-4E44-8701-99F23AE4944D}.Debug|Any CPU.Build.0 = Debug|Any CPU
		{0F2E4A87-B21D-4E44-8701-99F23AE4944D}.Release|Any CPU.ActiveCfg = Release|Any CPU
		{0F2E4A87-B21D-4E44-8701-99F23AE4944D}.Release|Any CPU.Build.0 = Release|Any CPU
	EndGlobalSection
	GlobalSection(SolutionProperties) = preSolution
		HideSolutionNode = FALSE
	EndGlobalSection
	GlobalSection(NestedProjects) = preSolution
		{0F2E4A87-B21D-4E44-8701-99F23AE4944D} = {E9081611-260E-43E9-8475-75695EF27067}
	EndGlobalSection
EndGlobal
